// !$*UTF8*$!
{
	archiveVersion = 1;
	classes = {
	};
	objectVersion = 50;
	objects = {

/* Begin PBXBuildFile section */
		A2DA2A7724294C86009B3DB9 /* #1-Multiples of 3 and 5.swift in Sources */ = {isa = PBXBuildFile; fileRef = A2DA2A7624294C86009B3DB9 /* #1-Multiples of 3 and 5.swift */; };
		D158C4CE25D66F9900AEF2D8 /* #3-Largest prime factor.swift in Sources */ = {isa = PBXBuildFile; fileRef = D158C4CD25D66F9900AEF2D8 /* #3-Largest prime factor.swift */; };
		D1E9BF6D25D07B4200F0DE00 /* #2-Even Fibonacci numbers.swift in Sources */ = {isa = PBXBuildFile; fileRef = D1E9BF6C25D07B4200F0DE00 /* #2-Even Fibonacci numbers.swift */; };
		D1E9BF7125D07C2400F0DE00 /* TemplateWithNNumberOfTestCases.swift in Sources */ = {isa = PBXBuildFile; fileRef = D1E9BF7025D07C2400F0DE00 /* TemplateWithNNumberOfTestCases.swift */; };
/* End PBXBuildFile section */

/* Begin PBXCopyFilesBuildPhase section */
		A2C58D2A241562DC0061E6A2 /* CopyFiles */ = {
			isa = PBXCopyFilesBuildPhase;
			buildActionMask = 2147483647;
			dstPath = /usr/share/man/man1/;
			dstSubfolderSpec = 0;
			files = (
			);
			runOnlyForDeploymentPostprocessing = 1;
		};
/* End PBXCopyFilesBuildPhase section */

/* Begin PBXFileReference section */
		A2C58D2C241562DC0061E6A2 /* HackerRankSolutions */ = {isa = PBXFileReference; explicitFileType = "compiled.mach-o.executable"; includeInIndex = 0; path = HackerRankSolutions; sourceTree = BUILT_PRODUCTS_DIR; };
		A2DA2A7624294C86009B3DB9 /* #1-Multiples of 3 and 5.swift */ = {isa = PBXFileReference; lastKnownFileType = sourcecode.swift; path = "#1-Multiples of 3 and 5.swift"; sourceTree = "<group>"; };
		D158C4CD25D66F9900AEF2D8 /* #3-Largest prime factor.swift */ = {isa = PBXFileReference; lastKnownFileType = sourcecode.swift; path = "#3-Largest prime factor.swift"; sourceTree = "<group>"; };
		D1E9BF6C25D07B4200F0DE00 /* #2-Even Fibonacci numbers.swift */ = {isa = PBXFileReference; lastKnownFileType = sourcecode.swift; path = "#2-Even Fibonacci numbers.swift"; sourceTree = "<group>"; };
		D1E9BF7025D07C2400F0DE00 /* TemplateWithNNumberOfTestCases.swift */ = {isa = PBXFileReference; lastKnownFileType = sourcecode.swift; path = TemplateWithNNumberOfTestCases.swift; sourceTree = "<group>"; };
/* End PBXFileReference section */

/* Begin PBXFrameworksBuildPhase section */
		A2C58D29241562DC0061E6A2 /* Frameworks */ = {
			isa = PBXFrameworksBuildPhase;
			buildActionMask = 2147483647;
			files = (
			);
			runOnlyForDeploymentPostprocessing = 0;
		};
/* End PBXFrameworksBuildPhase section */

/* Begin PBXGroup section */
		A2C58D23241562DC0061E6A2 = {
			isa = PBXGroup;
			children = (
				D1E9BF6F25D07C0600F0DE00 /* Templates */,
				A2DA2A6D24293195009B3DB9 /* ProjectEuler */,
			);
			sourceTree = "<group>";
		};
		A2C58D2D241562DC0061E6A2 /* Products */ = {
			isa = PBXGroup;
			children = (
				A2C58D2C241562DC0061E6A2 /* HackerRankSolutions */,
			);
			name = Products;
			path = ..;
			sourceTree = "<group>";
		};
		A2DA2A6D24293195009B3DB9 /* ProjectEuler */ = {
			isa = PBXGroup;
			children = (
				A2DA2A7624294C86009B3DB9 /* #1-Multiples of 3 and 5.swift */,
				D1E9BF6C25D07B4200F0DE00 /* #2-Even Fibonacci numbers.swift */,
				D158C4CD25D66F9900AEF2D8 /* #3-Largest prime factor.swift */,
				A2C58D2D241562DC0061E6A2 /* Products */,
			);
			path = ProjectEuler;
			sourceTree = "<group>";
		};
		D1E9BF6F25D07C0600F0DE00 /* Templates */ = {
			isa = PBXGroup;
			children = (
				D1E9BF7025D07C2400F0DE00 /* TemplateWithNNumberOfTestCases.swift */,
			);
			path = Templates;
			sourceTree = "<group>";
		};
/* End PBXGroup section */

/* Begin PBXNativeTarget section */
		A2C58D2B241562DC0061E6A2 /* HackerRankSolutions */ = {
			isa = PBXNativeTarget;
			buildConfigurationList = A2C58D33241562DC0061E6A2 /* Build configuration list for PBXNativeTarget "HackerRankSolutions" */;
			buildPhases = (
				A2C58D28241562DC0061E6A2 /* Sources */,
				A2C58D29241562DC0061E6A2 /* Frameworks */,
				A2C58D2A241562DC0061E6A2 /* CopyFiles */,
			);
			buildRules = (
			);
			dependencies = (
			);
			name = HackerRankSolutions;
			productName = HackerRankSolutions;
			productReference = A2C58D2C241562DC0061E6A2 /* HackerRankSolutions */;
			productType = "com.apple.product-type.tool";
		};
/* End PBXNativeTarget section */

/* Begin PBXProject section */
		A2C58D24241562DC0061E6A2 /* Project object */ = {
			isa = PBXProject;
			attributes = {
				LastSwiftUpdateCheck = 1130;
				LastUpgradeCheck = 1130;
				ORGANIZATIONNAME = "Ralitsa Petrina";
				TargetAttributes = {
					A2C58D2B241562DC0061E6A2 = {
						CreatedOnToolsVersion = 11.3.1;
					};
				};
			};
			buildConfigurationList = A2C58D27241562DC0061E6A2 /* Build configuration list for PBXProject "HackerRankSolutions" */;
			compatibilityVersion = "Xcode 9.3";
			developmentRegion = en;
			hasScannedForEncodings = 0;
			knownRegions = (
				en,
				Base,
			);
			mainGroup = A2C58D23241562DC0061E6A2;
			productRefGroup = A2C58D2D241562DC0061E6A2 /* Products */;
			projectDirPath = "";
			projectRoot = "";
			targets = (
				A2C58D2B241562DC0061E6A2 /* HackerRankSolutions */,
			);
		};
/* End PBXProject section */

/* Begin PBXSourcesBuildPhase section */
		A2C58D28241562DC0061E6A2 /* Sources */ = {
			isa = PBXSourcesBuildPhase;
			buildActionMask = 2147483647;
			files = (
				D1E9BF6D25D07B4200F0DE00 /* #2-Even Fibonacci numbers.swift in Sources */,
				D1E9BF7125D07C2400F0DE00 /* TemplateWithNNumberOfTestCases.swift in Sources */,
				A2DA2A7724294C86009B3DB9 /* #1-Multiples of 3 and 5.swift in Sources */,
				D158C4CE25D66F9900AEF2D8 /* #3-Largest prime factor.swift in Sources */,
			);
			runOnlyForDeploymentPostprocessing = 0;
		};
/* End PBXSourcesBuildPhase section */

/* Begin XCBuildConfiguration section */
		A2C58D31241562DC0061E6A2 /* Debug */ = {
			isa = XCBuildConfiguration;
			buildSettings = {
				ALWAYS_SEARCH_USER_PATHS = NO;
				CLANG_ANALYZER_NONNULL = YES;
				CLANG_ANALYZER_NUMBER_OBJECT_CONVERSION = YES_AGGRESSIVE;
				CLANG_CXX_LANGUAGE_STANDARD = "gnu++14";
				CLANG_CXX_LIBRARY = "libc++";
				CLANG_ENABLE_MODULES = YES;
				CLANG_ENABLE_OBJC_ARC = YES;
				CLANG_ENABLE_OBJC_WEAK = YES;
				CLANG_WARN_BLOCK_CAPTURE_AUTORELEASING = YES;
				CLANG_WARN_BOOL_CONVERSION = YES;
				CLANG_WARN_COMMA = YES;
				CLANG_WARN_CONSTANT_CONVERSION = YES;
				CLANG_WARN_DEPRECATED_OBJC_IMPLEMENTATIONS = YES;
				CLANG_WARN_DIRECT_OBJC_ISA_USAGE = YES_ERROR;
				CLANG_WARN_DOCUMENTATION_COMMENTS = YES;
				CLANG_WARN_EMPTY_BODY = YES;
				CLANG_WARN_ENUM_CONVERSION = YES;
				CLANG_WARN_INFINITE_RECURSION = YES;
				CLANG_WARN_INT_CONVERSION = YES;
				CLANG_WARN_NON_LITERAL_NULL_CONVERSION = YES;
				CLANG_WARN_OBJC_IMPLICIT_RETAIN_SELF = YES;
				CLANG_WARN_OBJC_LITERAL_CONVERSION = YES;
				CLANG_WARN_OBJC_ROOT_CLASS = YES_ERROR;
				CLANG_WARN_RANGE_LOOP_ANALYSIS = YES;
				CLANG_WARN_STRICT_PROTOTYPES = YES;
				CLANG_WARN_SUSPICIOUS_MOVE = YES;
				CLANG_WARN_UNGUARDED_AVAILABILITY = YES_AGGRESSIVE;
				CLANG_WARN_UNREACHABLE_CODE = YES;
				CLANG_WARN__DUPLICATE_METHOD_MATCH = YES;
				COPY_PHASE_STRIP = NO;
				DEBUG_INFORMATION_FORMAT = dwarf;
				ENABLE_STRICT_OBJC_MSGSEND = YES;
				ENABLE_TESTABILITY = YES;
				GCC_C_LANGUAGE_STANDARD = gnu11;
				GCC_DYNAMIC_NO_PIC = NO;
				GCC_NO_COMMON_BLOCKS = YES;
				GCC_OPTIMIZATION_LEVEL = 0;
				GCC_PREPROCESSOR_DEFINITIONS = (
					"DEBUG=1",
					"$(inherited)",
				);
				GCC_WARN_64_TO_32_BIT_CONVERSION = YES;
				GCC_WARN_ABOUT_RETURN_TYPE = YES_ERROR;
				GCC_WARN_UNDECLARED_SELECTOR = YES;
				GCC_WARN_UNINITIALIZED_AUTOS = YES_AGGRESSIVE;
				GCC_WARN_UNUSED_FUNCTION = YES;
				GCC_WARN_UNUSED_VARIABLE = YES;
				MACOSX_DEPLOYMENT_TARGET = 10.15;
				MTL_ENABLE_DEBUG_INFO = INCLUDE_SOURCE;
				MTL_FAST_MATH = YES;
				ONLY_ACTIVE_ARCH = YES;
				SDKROOT = macosx;
				SWIFT_ACTIVE_COMPILATION_CONDITIONS = DEBUG;
				SWIFT_OPTIMIZATION_LEVEL = "-Onone";
			};
			name = Debug;
		};
		A2C58D32241562DC0061E6A2 /* Release */ = {
			isa = XCBuildConfiguration;
			buildSettings = {
				ALWAYS_SEARCH_USER_PATHS = NO;
				CLANG_ANALYZER_NONNULL = YES;
				CLANG_ANALYZER_NUMBER_OBJECT_CONVERSION = YES_AGGRESSIVE;
				CLANG_CXX_LANGUAGE_STANDARD = "gnu++14";
				CLANG_CXX_LIBRARY = "libc++";
				CLANG_ENABLE_MODULES = YES;
				CLANG_ENABLE_OBJC_ARC = YES;
				CLANG_ENABLE_OBJC_WEAK = YES;
				CLANG_WARN_BLOCK_CAPTURE_AUTORELEASING = YES;
				CLANG_WARN_BOOL_CONVERSION = YES;
				CLANG_WARN_COMMA = YES;
				CLANG_WARN_CONSTANT_CONVERSION = YES;
				CLANG_WARN_DEPRECATED_OBJC_IMPLEMENTATIONS = YES;
				CLANG_WARN_DIRECT_OBJC_ISA_USAGE = YES_ERROR;
				CLANG_WARN_DOCUMENTATION_COMMENTS = YES;
				CLANG_WARN_EMPTY_BODY = YES;
				CLANG_WARN_ENUM_CONVERSION = YES;
				CLANG_WARN_INFINITE_RECURSION = YES;
				CLANG_WARN_INT_CONVERSION = YES;
				CLANG_WARN_NON_LITERAL_NULL_CONVERSION = YES;
				CLANG_WARN_OBJC_IMPLICIT_RETAIN_SELF = YES;
				CLANG_WARN_OBJC_LITERAL_CONVERSION = YES;
				CLANG_WARN_OBJC_ROOT_CLASS = YES_ERROR;
				CLANG_WARN_RANGE_LOOP_ANALYSIS = YES;
				CLANG_WARN_STRICT_PROTOTYPES = YES;
				CLANG_WARN_SUSPICIOUS_MOVE = YES;
				CLANG_WARN_UNGUARDED_AVAILABILITY = YES_AGGRESSIVE;
				CLANG_WARN_UNREACHABLE_CODE = YES;
				CLANG_WARN__DUPLICATE_METHOD_MATCH = YES;
				COPY_PHASE_STRIP = NO;
				DEBUG_INFORMATION_FORMAT = "dwarf-with-dsym";
				ENABLE_NS_ASSERTIONS = NO;
				ENABLE_STRICT_OBJC_MSGSEND = YES;
				GCC_C_LANGUAGE_STANDARD = gnu11;
				GCC_NO_COMMON_BLOCKS = YES;
				GCC_WARN_64_TO_32_BIT_CONVERSION = YES;
				GCC_WARN_ABOUT_RETURN_TYPE = YES_ERROR;
				GCC_WARN_UNDECLARED_SELECTOR = YES;
				GCC_WARN_UNINITIALIZED_AUTOS = YES_AGGRESSIVE;
				GCC_WARN_UNUSED_FUNCTION = YES;
				GCC_WARN_UNUSED_VARIABLE = YES;
				MACOSX_DEPLOYMENT_TARGET = 10.15;
				MTL_ENABLE_DEBUG_INFO = NO;
				MTL_FAST_MATH = YES;
				SDKROOT = macosx;
				SWIFT_COMPILATION_MODE = wholemodule;
				SWIFT_OPTIMIZATION_LEVEL = "-O";
			};
			name = Release;
		};
		A2C58D34241562DC0061E6A2 /* Debug */ = {
			isa = XCBuildConfiguration;
			buildSettings = {
				CODE_SIGN_STYLE = Automatic;
				DEVELOPMENT_TEAM = Z23P68FL2M;
				ENABLE_HARDENED_RUNTIME = YES;
				PRODUCT_NAME = "$(TARGET_NAME)";
				SWIFT_VERSION = 5.0;
			};
			name = Debug;
		};
		A2C58D35241562DC0061E6A2 /* Release */ = {
			isa = XCBuildConfiguration;
			buildSettings = {
				CODE_SIGN_STYLE = Automatic;
				DEVELOPMENT_TEAM = Z23P68FL2M;
				ENABLE_HARDENED_RUNTIME = YES;
				PRODUCT_NAME = "$(TARGET_NAME)";
				SWIFT_VERSION = 5.0;
			};
			name = Release;
		};
/* End XCBuildConfiguration section */

/* Begin XCConfigurationList section */
		A2C58D27241562DC0061E6A2 /* Build configuration list for PBXProject "HackerRankSolutions" */ = {
			isa = XCConfigurationList;
			buildConfigurations = (
				A2C58D31241562DC0061E6A2 /* Debug */,
				A2C58D32241562DC0061E6A2 /* Release */,
			);
			defaultConfigurationIsVisible = 0;
			defaultConfigurationName = Release;
		};
		A2C58D33241562DC0061E6A2 /* Build configuration list for PBXNativeTarget "HackerRankSolutions" */ = {
			isa = XCConfigurationList;
			buildConfigurations = (
				A2C58D34241562DC0061E6A2 /* Debug */,
				A2C58D35241562DC0061E6A2 /* Release */,
			);
			defaultConfigurationIsVisible = 0;
			defaultConfigurationName = Release;
		};
/* End XCConfigurationList section */
	};
	rootObject = A2C58D24241562DC0061E6A2 /* Project object */;
}
